
Microsoft Visual Studio Solution File, Format Version 12.00
# Visual Studio Version 16
VisualStudioVersion = 16.0.30114.105
MinimumVisualStudioVersion = 10.0.40219.1
Project("{9A19103F-16F7-4668-BE54-9A1E7A4F7556}") = "MelhoresPraticasModelagemDDD", "MelhoresPraticasModelagemDDD\MelhoresPraticasModelagemDDD.csproj", "{AB189F71-812E-4272-B194-7B67512D3C4A}"
EndProject
Project("{9A19103F-16F7-4668-BE54-9A1E7A4F7556}") = "Domain", "Domain\Domain.csproj", "{7230A779-22A9-49E9-98B9-32E1795AEBD3}"
EndProject
Project("{9A19103F-16F7-4668-BE54-9A1E7A4F7556}") = "ConsoleApp1", "ConsoleApp1\ConsoleApp1.csproj", "{408EA28E-8D63-45CC-BFA4-86C0561464BA}"
EndProject
Project("{FAE04EC0-301F-11D3-BF4B-00C04F79EFBC}") = "ApplicationService", "ApplicationService\ApplicationService.csproj", "{0FF40C45-F9D0-4522-88C4-2C20B1017932}"
EndProject
Project("{FAE04EC0-301F-11D3-BF4B-00C04F79EFBC}") = "Repository", "Repository\Repository.csproj", "{6597DD7C-3868-4BFD-AC42-C242E47443B2}"
EndProject
Global
	GlobalSection(SolutionConfigurationPlatforms) = preSolution
		Debug|Any CPU = Debug|Any CPU
		Release|Any CPU = Release|Any CPU
	EndGlobalSection
	GlobalSection(ProjectConfigurationPlatforms) = postSolution
		{AB189F71-812E-4272-B194-7B67512D3C4A}.Debug|Any CPU.ActiveCfg = Debug|Any CPU
		{AB189F71-812E-4272-B194-7B67512D3C4A}.Debug|Any CPU.Build.0 = Debug|Any CPU
		{AB189F71-812E-4272-B194-7B67512D3C4A}.Release|Any CPU.ActiveCfg = Release|Any CPU
		{AB189F71-812E-4272-B194-7B67512D3C4A}.Release|Any CPU.Build.0 = Release|Any CPU
		{7230A779-22A9-49E9-98B9-32E1795AEBD3}.Debug|Any CPU.ActiveCfg = Debug|Any CPU
		{7230A779-22A9-49E9-98B9-32E1795AEBD3}.Debug|Any CPU.Build.0 = Debug|Any CPU
		{7230A779-22A9-49E9-98B9-32E1795AEBD3}.Release|Any CPU.ActiveCfg = Release|Any CPU
		{7230A779-22A9-49E9-98B9-32E1795AEBD3}.Release|Any CPU.Build.0 = Release|Any CPU
		{408EA28E-8D63-45CC-BFA4-86C0561464BA}.Debug|Any CPU.ActiveCfg = Debug|Any CPU
		{408EA28E-8D63-45CC-BFA4-86C0561464BA}.Debug|Any CPU.Build.0 = Debug|Any CPU
		{408EA28E-8D63-45CC-BFA4-86C0561464BA}.Release|Any CPU.ActiveCfg = Release|Any CPU
		{408EA28E-8D63-45CC-BFA4-86C0561464BA}.Release|Any CPU.Build.0 = Release|Any CPU
		{0FF40C45-F9D0-4522-88C4-2C20B1017932}.Debug|Any CPU.ActiveCfg = Debug|Any CPU
		{0FF40C45-F9D0-4522-88C4-2C20B1017932}.Debug|Any CPU.Build.0 = Debug|Any CPU
		{0FF40C45-F9D0-4522-88C4-2C20B1017932}.Release|Any CPU.ActiveCfg = Release|Any CPU
		{0FF40C45-F9D0-4522-88C4-2C20B1017932}.Release|Any CPU.Build.0 = Release|Any CPU
		{6597DD7C-3868-4BFD-AC42-C242E47443B2}.Debug|Any CPU.ActiveCfg = Debug|Any CPU
		{6597DD7C-3868-4BFD-AC42-C242E47443B2}.Debug|Any CPU.Build.0 = Debug|Any CPU
		{6597DD7C-3868-4BFD-AC42-C242E47443B2}.Release|Any CPU.ActiveCfg = Release|Any CPU
		{6597DD7C-3868-4BFD-AC42-C242E47443B2}.Release|Any CPU.Build.0 = Release|Any CPU
	EndGlobalSection
	GlobalSection(SolutionProperties) = preSolution
		HideSolutionNode = FALSE
	EndGlobalSection
	GlobalSection(ExtensibilityGlobals) = postSolution
		SolutionGuid = {A83D86D8-9564-45C8-A9B8-DE65BC309BBF}
	EndGlobalSection
EndGlobal
